{
  "object": {
    "pins": [
      {
        "package": "ObjectMapper",
        "repositoryURL": "https://github.com/mixalich7b/ObjectMapper.git",
        "state": {
          "branch": null,
          "revision": "52f15feefb831d57711647b76d75f1df72d7e822",
          "version": "3.4.2"
        }
      },
      {
        "package": "SwiftTBot",
        "repositoryURL": "https://github.com/mixalich7b/SwiftTBot.git",
        "state": {
          "branch": null,
          "revision": "fbe8a450895dd6603bbc4c42d9a833cbc5e950c7",
          "version": "0.1.2"
        }
      }
    ]
  },
  "version": 1
}
