{
  "object": {
    "pins": [
      {
        "package": "ObjectMapper",
        "repositoryURL": "https://github.com/tristanhimmelman/ObjectMapper.git",
        "state": {
          "branch": null,
          "revision": "feb763a93755b5b576e09a9db2cb8d380fd65ba2",
          "version": "3.4.1"
        }
      },
      {
        "package": "SwiftTBot",
        "repositoryURL": "https://github.com/mixalich7b/SwiftTBot.git",
        "state": {
          "branch": null,
          "revision": "726f848b8eebfac1f6b231319cf37f2e60b0f776",
          "version": "0.1.0"
        }
      }
    ]
  },
  "version": 1
}
