PODS:
  - ObjectMapper (1.3.0)
  - SwiftTBot (0.1.0):
    - ObjectMapper (~> 1.2)

DEPENDENCIES:
  - SwiftTBot (from `../../`)

EXTERNAL SOURCES:
  SwiftTBot:
    :path: ../../

SPEC CHECKSUMS:
  ObjectMapper: 4eb08a726e9791a93b2632049951b56a7c17e471
  SwiftTBot: 8eead3b6e077a1286db5dbdcd8691318f97d6303

COCOAPODS: 0.39.0
