PODS:
  - ObjectMapper (3.4.1)
  - SwiftTBot (0.1.0):
    - ObjectMapper (~> 3.4)

DEPENDENCIES:
  - SwiftTBot (from `../../`)

SPEC REPOS:
  https://github.com/cocoapods/specs.git:
    - ObjectMapper

EXTERNAL SOURCES:
  SwiftTBot:
    :path: "../../"

SPEC CHECKSUMS:
  ObjectMapper: 5311bd50ca732930959e7ca1a2de43ab823a5ced
  SwiftTBot: e3cbeb8d7c558acd8e882dbf4aad420d49520319

PODFILE CHECKSUM: 5e749a42faa6623d73535030c371f595b9dec8db

COCOAPODS: 1.5.3
